
Microsoft Visual Studio Solution File, Format Version 12.00
# Visual Studio Version 17
VisualStudioVersion = 17.1.32228.430
MinimumVisualStudioVersion = 10.0.40219.1
Project("{FAE04EC0-301F-11D3-BF4B-00C04F79EFBC}") = "AoC-2022", "AoC-2022\AoC-2022.csproj", "{1AD25211-3C8B-4733-99AA-FFC0D53903FF}"
EndProject
Global
	GlobalSection(SolutionConfigurationPlatforms) = preSolution
		Debug|Any CPU = Debug|Any CPU
		Release|Any CPU = Release|Any CPU
	EndGlobalSection
	GlobalSection(ProjectConfigurationPlatforms) = postSolution
		{1AD25211-3C8B-4733-99AA-FFC0D53903FF}.Debug|Any CPU.ActiveCfg = Debug|Any CPU
		{1AD25211-3C8B-4733-99AA-FFC0D53903FF}.Debug|Any CPU.Build.0 = Debug|Any CPU
		{1AD25211-3C8B-4733-99AA-FFC0D53903FF}.Release|Any CPU.ActiveCfg = Release|Any CPU
		{1AD25211-3C8B-4733-99AA-FFC0D53903FF}.Release|Any CPU.Build.0 = Release|Any CPU
	EndGlobalSection
	GlobalSection(SolutionProperties) = preSolution
		HideSolutionNode = FALSE
	EndGlobalSection
	GlobalSection(ExtensibilityGlobals) = postSolution
		SolutionGuid = {4E3E4CB7-BBCB-45B2-A53C-ACBDCEEEC7F8}
	EndGlobalSection
EndGlobal
